
Microsoft Visual Studio Solution File, Format Version 12.00
# Visual Studio Version 17
VisualStudioVersion = 17.7.34221.43
MinimumVisualStudioVersion = 10.0.40219.1
Project("{FAE04EC0-301F-11D3-BF4B-00C04F79EFBC}") = "Models", "Models\Models.csproj", "{B09FDE76-5EE6-4115-B057-9C3F25152D82}"
EndProject
Project("{FAE04EC0-301F-11D3-BF4B-00C04F79EFBC}") = "Web", "Web\Web.csproj", "{6E4C4343-8114-4183-AE9F-8B3F7EE711E7}"
EndProject
Global
	GlobalSection(SolutionConfigurationPlatforms) = preSolution
		Debug|Any CPU = Debug|Any CPU
		Release|Any CPU = Release|Any CPU
	EndGlobalSection
	GlobalSection(ProjectConfigurationPlatforms) = postSolution
		{B09FDE76-5EE6-4115-B057-9C3F25152D82}.Debug|Any CPU.ActiveCfg = Debug|Any CPU
		{B09FDE76-5EE6-4115-B057-9C3F25152D82}.Debug|Any CPU.Build.0 = Debug|Any CPU
		{B09FDE76-5EE6-4115-B057-9C3F25152D82}.Release|Any CPU.ActiveCfg = Release|Any CPU
		{B09FDE76-5EE6-4115-B057-9C3F25152D82}.Release|Any CPU.Build.0 = Release|Any CPU
		{6E4C4343-8114-4183-AE9F-8B3F7EE711E7}.Debug|Any CPU.ActiveCfg = Debug|Any CPU
		{6E4C4343-8114-4183-AE9F-8B3F7EE711E7}.Debug|Any CPU.Build.0 = Debug|Any CPU
		{6E4C4343-8114-4183-AE9F-8B3F7EE711E7}.Release|Any CPU.ActiveCfg = Release|Any CPU
		{6E4C4343-8114-4183-AE9F-8B3F7EE711E7}.Release|Any CPU.Build.0 = Release|Any CPU
	EndGlobalSection
	GlobalSection(SolutionProperties) = preSolution
		HideSolutionNode = FALSE
	EndGlobalSection
	GlobalSection(ExtensibilityGlobals) = postSolution
		SolutionGuid = {6503F94B-8567-4096-B829-54F37F6EF461}
	EndGlobalSection
EndGlobal
